
Microsoft Visual Studio Solution File, Format Version 11.00
# Visual Studio 2010
Project("{FAE04EC0-301F-11D3-BF4B-00C04F79EFBC}") = "Assembly-CSharp", "Assembly-CSharp.csproj", "{569a85a2-4aab-f951-60bb-1b6fc96e8c70}"
EndProject
Project("{FAE04EC0-301F-11D3-BF4B-00C04F79EFBC}") = "Assembly-CSharp-Editor", "Assembly-CSharp-Editor.csproj", "{ce9fc52f-b1bc-d313-fb79-5dd1af79a2af}"
EndProject
Global
	GlobalSection(SolutionConfigurationPlatforms) = preSolution
		Debug|Any CPU = Debug|Any CPU
		Release|Any CPU = Release|Any CPU
	EndGlobalSection
	GlobalSection(ProjectConfigurationPlatforms) = postSolution
		{569a85a2-4aab-f951-60bb-1b6fc96e8c70}.Debug|Any CPU.ActiveCfg = Debug|Any CPU
		{569a85a2-4aab-f951-60bb-1b6fc96e8c70}.Debug|Any CPU.Build.0 = Debug|Any CPU
		{569a85a2-4aab-f951-60bb-1b6fc96e8c70}.Release|Any CPU.ActiveCfg = Release|Any CPU
		{569a85a2-4aab-f951-60bb-1b6fc96e8c70}.Release|Any CPU.Build.0 = Release|Any CPU
		{ce9fc52f-b1bc-d313-fb79-5dd1af79a2af}.Debug|Any CPU.ActiveCfg = Debug|Any CPU
		{ce9fc52f-b1bc-d313-fb79-5dd1af79a2af}.Debug|Any CPU.Build.0 = Debug|Any CPU
		{ce9fc52f-b1bc-d313-fb79-5dd1af79a2af}.Release|Any CPU.ActiveCfg = Release|Any CPU
		{ce9fc52f-b1bc-d313-fb79-5dd1af79a2af}.Release|Any CPU.Build.0 = Release|Any CPU
	EndGlobalSection
	GlobalSection(SolutionProperties) = preSolution
		HideSolutionNode = FALSE
	EndGlobalSection
EndGlobal
